// !$*UTF8*$!
{
	archiveVersion = 1;
	classes = {
	};
	objectVersion = 46;
	objects = {

/* Begin PBXBuildFile section */
		68D2C64119C4FC790047D40C /* AppDelegate.swift in Sources */ = {isa = PBXBuildFile; fileRef = 68D2C64019C4FC790047D40C /* AppDelegate.swift */; };
		68D2C64319C4FC790047D40C /* ViewController.swift in Sources */ = {isa = PBXBuildFile; fileRef = 68D2C64219C4FC790047D40C /* ViewController.swift */; };
		68D2C64619C4FC790047D40C /* Main.storyboard in Resources */ = {isa = PBXBuildFile; fileRef = 68D2C64419C4FC790047D40C /* Main.storyboard */; };
		68D2C64819C4FC790047D40C /* Images.xcassets in Resources */ = {isa = PBXBuildFile; fileRef = 68D2C64719C4FC790047D40C /* Images.xcassets */; };
		68D2C64B19C4FC790047D40C /* LaunchScreen.xib in Resources */ = {isa = PBXBuildFile; fileRef = 68D2C64919C4FC790047D40C /* LaunchScreen.xib */; };
		68D2C65719C4FC790047D40C /* GSBarbellViewTests.swift in Sources */ = {isa = PBXBuildFile; fileRef = 68D2C65619C4FC790047D40C /* GSBarbellViewTests.swift */; };
/* End PBXBuildFile section */

/* Begin PBXContainerItemProxy section */
		68D2C65119C4FC790047D40C /* PBXContainerItemProxy */ = {
			isa = PBXContainerItemProxy;
			containerPortal = 68D2C63319C4FC790047D40C /* Project object */;
			proxyType = 1;
			remoteGlobalIDString = 68D2C63A19C4FC790047D40C;
			remoteInfo = GSBarbellView;
		};
/* End PBXContainerItemProxy section */

/* Begin PBXFileReference section */
		68D2C63B19C4FC790047D40C /* GSBarbellView.app */ = {isa = PBXFileReference; explicitFileType = wrapper.application; includeInIndex = 0; path = GSBarbellView.app; sourceTree = BUILT_PRODUCTS_DIR; };
		68D2C63F19C4FC790047D40C /* Info.plist */ = {isa = PBXFileReference; lastKnownFileType = text.plist.xml; path = Info.plist; sourceTree = "<group>"; };
		68D2C64019C4FC790047D40C /* AppDelegate.swift */ = {isa = PBXFileReference; lastKnownFileType = sourcecode.swift; path = AppDelegate.swift; sourceTree = "<group>"; };
		68D2C64219C4FC790047D40C /* ViewController.swift */ = {isa = PBXFileReference; lastKnownFileType = sourcecode.swift; path = ViewController.swift; sourceTree = "<group>"; };
		68D2C64519C4FC790047D40C /* Base */ = {isa = PBXFileReference; lastKnownFileType = file.storyboard; name = Base; path = Base.lproj/Main.storyboard; sourceTree = "<group>"; };
		68D2C64719C4FC790047D40C /* Images.xcassets */ = {isa = PBXFileReference; lastKnownFileType = folder.assetcatalog; path = Images.xcassets; sourceTree = "<group>"; };
		68D2C64A19C4FC790047D40C /* Base */ = {isa = PBXFileReference; lastKnownFileType = file.xib; name = Base; path = Base.lproj/LaunchScreen.xib; sourceTree = "<group>"; };
		68D2C65019C4FC790047D40C /* GSBarbellViewTests.xctest */ = {isa = PBXFileReference; explicitFileType = wrapper.cfbundle; includeInIndex = 0; path = GSBarbellViewTests.xctest; sourceTree = BUILT_PRODUCTS_DIR; };
		68D2C65519C4FC790047D40C /* Info.plist */ = {isa = PBXFileReference; lastKnownFileType = text.plist.xml; path = Info.plist; sourceTree = "<group>"; };
		68D2C65619C4FC790047D40C /* GSBarbellViewTests.swift */ = {isa = PBXFileReference; lastKnownFileType = sourcecode.swift; path = GSBarbellViewTests.swift; sourceTree = "<group>"; };
/* End PBXFileReference section */

/* Begin PBXFrameworksBuildPhase section */
		68D2C63819C4FC790047D40C /* Frameworks */ = {
			isa = PBXFrameworksBuildPhase;
			buildActionMask = 2147483647;
			files = (
			);
			runOnlyForDeploymentPostprocessing = 0;
		};
		68D2C64D19C4FC790047D40C /* Frameworks */ = {
			isa = PBXFrameworksBuildPhase;
			buildActionMask = 2147483647;
			files = (
			);
			runOnlyForDeploymentPostprocessing = 0;
		};
/* End PBXFrameworksBuildPhase section */

/* Begin PBXGroup section */
		68D2C63219C4FC790047D40C = {
			isa = PBXGroup;
			children = (
				68D2C63D19C4FC790047D40C /* GSBarbellView */,
				68D2C65319C4FC790047D40C /* GSBarbellViewTests */,
				68D2C63C19C4FC790047D40C /* Products */,
			);
			sourceTree = "<group>";
		};
		68D2C63C19C4FC790047D40C /* Products */ = {
			isa = PBXGroup;
			children = (
				68D2C63B19C4FC790047D40C /* GSBarbellView.app */,
				68D2C65019C4FC790047D40C /* GSBarbellViewTests.xctest */,
			);
			name = Products;
			sourceTree = "<group>";
		};
		68D2C63D19C4FC790047D40C /* GSBarbellView */ = {
			isa = PBXGroup;
			children = (
				68D2C64019C4FC790047D40C /* AppDelegate.swift */,
				68D2C64219C4FC790047D40C /* ViewController.swift */,
				68D2C64419C4FC790047D40C /* Main.storyboard */,
				68D2C64719C4FC790047D40C /* Images.xcassets */,
				68D2C64919C4FC790047D40C /* LaunchScreen.xib */,
				68D2C63E19C4FC790047D40C /* Supporting Files */,
			);
			path = GSBarbellView;
			sourceTree = "<group>";
		};
		68D2C63E19C4FC790047D40C /* Supporting Files */ = {
			isa = PBXGroup;
			children = (
				68D2C63F19C4FC790047D40C /* Info.plist */,
			);
			name = "Supporting Files";
			sourceTree = "<group>";
		};
		68D2C65319C4FC790047D40C /* GSBarbellViewTests */ = {
			isa = PBXGroup;
			children = (
				68D2C65619C4FC790047D40C /* GSBarbellViewTests.swift */,
				68D2C65419C4FC790047D40C /* Supporting Files */,
			);
			path = GSBarbellViewTests;
			sourceTree = "<group>";
		};
		68D2C65419C4FC790047D40C /* Supporting Files */ = {
			isa = PBXGroup;
			children = (
				68D2C65519C4FC790047D40C /* Info.plist */,
			);
			name = "Supporting Files";
			sourceTree = "<group>";
		};
/* End PBXGroup section */

/* Begin PBXNativeTarget section */
		68D2C63A19C4FC790047D40C /* GSBarbellView */ = {
			isa = PBXNativeTarget;
			buildConfigurationList = 68D2C65A19C4FC790047D40C /* Build configuration list for PBXNativeTarget "GSBarbellView" */;
			buildPhases = (
				68D2C63719C4FC790047D40C /* Sources */,
				68D2C63819C4FC790047D40C /* Frameworks */,
				68D2C63919C4FC790047D40C /* Resources */,
			);
			buildRules = (
			);
			dependencies = (
			);
			name = GSBarbellView;
			productName = GSBarbellView;
			productReference = 68D2C63B19C4FC790047D40C /* GSBarbellView.app */;
			productType = "com.apple.product-type.application";
		};
		68D2C64F19C4FC790047D40C /* GSBarbellViewTests */ = {
			isa = PBXNativeTarget;
			buildConfigurationList = 68D2C65D19C4FC790047D40C /* Build configuration list for PBXNativeTarget "GSBarbellViewTests" */;
			buildPhases = (
				68D2C64C19C4FC790047D40C /* Sources */,
				68D2C64D19C4FC790047D40C /* Frameworks */,
				68D2C64E19C4FC790047D40C /* Resources */,
			);
			buildRules = (
			);
			dependencies = (
				68D2C65219C4FC790047D40C /* PBXTargetDependency */,
			);
			name = GSBarbellViewTests;
			productName = GSBarbellViewTests;
			productReference = 68D2C65019C4FC790047D40C /* GSBarbellViewTests.xctest */;
			productType = "com.apple.product-type.bundle.unit-test";
		};
/* End PBXNativeTarget section */

/* Begin PBXProject section */
		68D2C63319C4FC790047D40C /* Project object */ = {
			isa = PBXProject;
			attributes = {
				LastUpgradeCheck = 0600;
				ORGANIZATIONNAME = "Milton and Parc";
				TargetAttributes = {
					68D2C63A19C4FC790047D40C = {
						CreatedOnToolsVersion = 6.0;
					};
					68D2C64F19C4FC790047D40C = {
						CreatedOnToolsVersion = 6.0;
						TestTargetID = 68D2C63A19C4FC790047D40C;
					};
				};
			};
			buildConfigurationList = 68D2C63619C4FC790047D40C /* Build configuration list for PBXProject "GSBarbellView" */;
			compatibilityVersion = "Xcode 3.2";
			developmentRegion = English;
			hasScannedForEncodings = 0;
			knownRegions = (
				en,
				Base,
			);
			mainGroup = 68D2C63219C4FC790047D40C;
			productRefGroup = 68D2C63C19C4FC790047D40C /* Products */;
			projectDirPath = "";
			projectRoot = "";
			targets = (
				68D2C63A19C4FC790047D40C /* GSBarbellView */,
				68D2C64F19C4FC790047D40C /* GSBarbellViewTests */,
			);
		};
/* End PBXProject section */

/* Begin PBXResourcesBuildPhase section */
		68D2C63919C4FC790047D40C /* Resources */ = {
			isa = PBXResourcesBuildPhase;
			buildActionMask = 2147483647;
			files = (
				68D2C64619C4FC790047D40C /* Main.storyboard in Resources */,
				68D2C64B19C4FC790047D40C /* LaunchScreen.xib in Resources */,
				68D2C64819C4FC790047D40C /* Images.xcassets in Resources */,
			);
			runOnlyForDeploymentPostprocessing = 0;
		};
		68D2C64E19C4FC790047D40C /* Resources */ = {
			isa = PBXResourcesBuildPhase;
			buildActionMask = 2147483647;
			files = (
			);
			runOnlyForDeploymentPostprocessing = 0;
		};
/* End PBXResourcesBuildPhase section */

/* Begin PBXSourcesBuildPhase section */
		68D2C63719C4FC790047D40C /* Sources */ = {
			isa = PBXSourcesBuildPhase;
			buildActionMask = 2147483647;
			files = (
				68D2C64319C4FC790047D40C /* ViewController.swift in Sources */,
				68D2C64119C4FC790047D40C /* AppDelegate.swift in Sources */,
			);
			runOnlyForDeploymentPostprocessing = 0;
		};
		68D2C64C19C4FC790047D40C /* Sources */ = {
			isa = PBXSourcesBuildPhase;
			buildActionMask = 2147483647;
			files = (
				68D2C65719C4FC790047D40C /* GSBarbellViewTests.swift in Sources */,
			);
			runOnlyForDeploymentPostprocessing = 0;
		};
/* End PBXSourcesBuildPhase section */

/* Begin PBXTargetDependency section */
		68D2C65219C4FC790047D40C /* PBXTargetDependency */ = {
			isa = PBXTargetDependency;
			target = 68D2C63A19C4FC790047D40C /* GSBarbellView */;
			targetProxy = 68D2C65119C4FC790047D40C /* PBXContainerItemProxy */;
		};
/* End PBXTargetDependency section */

/* Begin PBXVariantGroup section */
		68D2C64419C4FC790047D40C /* Main.storyboard */ = {
			isa = PBXVariantGroup;
			children = (
				68D2C64519C4FC790047D40C /* Base */,
			);
			name = Main.storyboard;
			sourceTree = "<group>";
		};
		68D2C64919C4FC790047D40C /* LaunchScreen.xib */ = {
			isa = PBXVariantGroup;
			children = (
				68D2C64A19C4FC790047D40C /* Base */,
			);
			name = LaunchScreen.xib;
			sourceTree = "<group>";
		};
/* End PBXVariantGroup section */

/* Begin XCBuildConfiguration section */
		68D2C65819C4FC790047D40C /* Debug */ = {
			isa = XCBuildConfiguration;
			buildSettings = {
				ALWAYS_SEARCH_USER_PATHS = NO;
				CLANG_CXX_LANGUAGE_STANDARD = "gnu++0x";
				CLANG_CXX_LIBRARY = "libc++";
				CLANG_ENABLE_MODULES = YES;
				CLANG_ENABLE_OBJC_ARC = YES;
				CLANG_WARN_BOOL_CONVERSION = YES;
				CLANG_WARN_CONSTANT_CONVERSION = YES;
				CLANG_WARN_DIRECT_OBJC_ISA_USAGE = YES_ERROR;
				CLANG_WARN_EMPTY_BODY = YES;
				CLANG_WARN_ENUM_CONVERSION = YES;
				CLANG_WARN_INT_CONVERSION = YES;
				CLANG_WARN_OBJC_ROOT_CLASS = YES_ERROR;
				CLANG_WARN_UNREACHABLE_CODE = YES;
				CLANG_WARN__DUPLICATE_METHOD_MATCH = YES;
				"CODE_SIGN_IDENTITY[sdk=iphoneos*]" = "iPhone Developer";
				COPY_PHASE_STRIP = NO;
				ENABLE_STRICT_OBJC_MSGSEND = YES;
				GCC_C_LANGUAGE_STANDARD = gnu99;
				GCC_DYNAMIC_NO_PIC = NO;
				GCC_OPTIMIZATION_LEVEL = 0;
				GCC_PREPROCESSOR_DEFINITIONS = (
					"DEBUG=1",
					"$(inherited)",
				);
				GCC_SYMBOLS_PRIVATE_EXTERN = NO;
				GCC_WARN_64_TO_32_BIT_CONVERSION = YES;
				GCC_WARN_ABOUT_RETURN_TYPE = YES_ERROR;
				GCC_WARN_UNDECLARED_SELECTOR = YES;
				GCC_WARN_UNINITIALIZED_AUTOS = YES_AGGRESSIVE;
				GCC_WARN_UNUSED_FUNCTION = YES;
				GCC_WARN_UNUSED_VARIABLE = YES;
				IPHONEOS_DEPLOYMENT_TARGET = 8.0;
				MTL_ENABLE_DEBUG_INFO = YES;
				ONLY_ACTIVE_ARCH = YES;
				SDKROOT = iphoneos;
				SWIFT_OPTIMIZATION_LEVEL = "-Onone";
			};
			name = Debug;
		};
		68D2C65919C4FC790047D40C /* Release */ = {
			isa = XCBuildConfiguration;
			buildSettings = {
				ALWAYS_SEARCH_USER_PATHS = NO;
				CLANG_CXX_LANGUAGE_STANDARD = "gnu++0x";
				CLANG_CXX_LIBRARY = "libc++";
				CLANG_ENABLE_MODULES = YES;
				CLANG_ENABLE_OBJC_ARC = YES;
				CLANG_WARN_BOOL_CONVERSION = YES;
				CLANG_WARN_CONSTANT_CONVERSION = YES;
				CLANG_WARN_DIRECT_OBJC_ISA_USAGE = YES_ERROR;
				CLANG_WARN_EMPTY_BODY = YES;
				CLANG_WARN_ENUM_CONVERSION = YES;
				CLANG_WARN_INT_CONVERSION = YES;
				CLANG_WARN_OBJC_ROOT_CLASS = YES_ERROR;
				CLANG_WARN_UNREACHABLE_CODE = YES;
				CLANG_WARN__DUPLICATE_METHOD_MATCH = YES;
				"CODE_SIGN_IDENTITY[sdk=iphoneos*]" = "iPhone Developer";
				COPY_PHASE_STRIP = YES;
				ENABLE_NS_ASSERTIONS = NO;
				ENABLE_STRICT_OBJC_MSGSEND = YES;
				GCC_C_LANGUAGE_STANDARD = gnu99;
				GCC_WARN_64_TO_32_BIT_CONVERSION = YES;
				GCC_WARN_ABOUT_RETURN_TYPE = YES_ERROR;
				GCC_WARN_UNDECLARED_SELECTOR = YES;
				GCC_WARN_UNINITIALIZED_AUTOS = YES_AGGRESSIVE;
				GCC_WARN_UNUSED_FUNCTION = YES;
				GCC_WARN_UNUSED_VARIABLE = YES;
				IPHONEOS_DEPLOYMENT_TARGET = 8.0;
				MTL_ENABLE_DEBUG_INFO = NO;
				SDKROOT = iphoneos;
				VALIDATE_PRODUCT = YES;
			};
			name = Release;
		};
		68D2C65B19C4FC790047D40C /* Debug */ = {
			isa = XCBuildConfiguration;
			buildSettings = {
				ASSETCATALOG_COMPILER_APPICON_NAME = AppIcon;
				INFOPLIST_FILE = GSBarbellView/Info.plist;
				LD_RUNPATH_SEARCH_PATHS = "$(inherited) @executable_path/Frameworks";
				PRODUCT_NAME = "$(TARGET_NAME)";
			};
			name = Debug;
		};
		68D2C65C19C4FC790047D40C /* Release */ = {
			isa = XCBuildConfiguration;
			buildSettings = {
				ASSETCATALOG_COMPILER_APPICON_NAME = AppIcon;
				INFOPLIST_FILE = GSBarbellView/Info.plist;
				LD_RUNPATH_SEARCH_PATHS = "$(inherited) @executable_path/Frameworks";
				PRODUCT_NAME = "$(TARGET_NAME)";
			};
			name = Release;
		};
		68D2C65E19C4FC790047D40C /* Debug */ = {
			isa = XCBuildConfiguration;
			buildSettings = {
				BUNDLE_LOADER = "$(TEST_HOST)";
				FRAMEWORK_SEARCH_PATHS = (
					"$(SDKROOT)/Developer/Library/Frameworks",
					"$(inherited)",
				);
				GCC_PREPROCESSOR_DEFINITIONS = (
					"DEBUG=1",
					"$(inherited)",
				);
				INFOPLIST_FILE = GSBarbellViewTests/Info.plist;
				LD_RUNPATH_SEARCH_PATHS = "$(inherited) @executable_path/Frameworks @loader_path/Frameworks";
				PRODUCT_NAME = "$(TARGET_NAME)";
				TEST_HOST = "$(BUILT_PRODUCTS_DIR)/GSBarbellView.app/GSBarbellView";
			};
			name = Debug;
		};
		68D2C65F19C4FC790047D40C /* Release */ = {
			isa = XCBuildConfiguration;
			buildSettings = {
				BUNDLE_LOADER = "$(TEST_HOST)";
				FRAMEWORK_SEARCH_PATHS = (
					"$(SDKROOT)/Developer/Library/Frameworks",
					"$(inherited)",
				);
				INFOPLIST_FILE = GSBarbellViewTests/Info.plist;
				LD_RUNPATH_SEARCH_PATHS = "$(inherited) @executable_path/Frameworks @loader_path/Frameworks";
				PRODUCT_NAME = "$(TARGET_NAME)";
				TEST_HOST = "$(BUILT_PRODUCTS_DIR)/GSBarbellView.app/GSBarbellView";
			};
			name = Release;
		};
/* End XCBuildConfiguration section */

/* Begin XCConfigurationList section */
		68D2C63619C4FC790047D40C /* Build configuration list for PBXProject "GSBarbellView" */ = {
			isa = XCConfigurationList;
			buildConfigurations = (
				68D2C65819C4FC790047D40C /* Debug */,
				68D2C65919C4FC790047D40C /* Release */,
			);
			defaultConfigurationIsVisible = 0;
			defaultConfigurationName = Release;
		};
		68D2C65A19C4FC790047D40C /* Build configuration list for PBXNativeTarget "GSBarbellView" */ = {
			isa = XCConfigurationList;
			buildConfigurations = (
				68D2C65B19C4FC790047D40C /* Debug */,
				68D2C65C19C4FC790047D40C /* Release */,
			);
			defaultConfigurationIsVisible = 0;
		};
		68D2C65D19C4FC790047D40C /* Build configuration list for PBXNativeTarget "GSBarbellViewTests" */ = {
			isa = XCConfigurationList;
			buildConfigurations = (
				68D2C65E19C4FC790047D40C /* Debug */,
				68D2C65F19C4FC790047D40C /* Release */,
			);
			defaultConfigurationIsVisible = 0;
		};
/* End XCConfigurationList section */
	};
	rootObject = 68D2C63319C4FC790047D40C /* Project object */;
}
